// !$*UTF8*$!
{
	archiveVersion = 1;
	classes = {
	};
	objectVersion = 46;
	objects = {

/* Begin PBXBuildFile section */
		6E90E65C1DD346480016C838 /* AppDelegate.swift in Sources */ = {isa = PBXBuildFile; fileRef = 6E90E65B1DD346480016C838 /* AppDelegate.swift */; };
		6E90E65E1DD346480016C838 /* ViewController.swift in Sources */ = {isa = PBXBuildFile; fileRef = 6E90E65D1DD346480016C838 /* ViewController.swift */; };
		6E90E6611DD346480016C838 /* Main.storyboard in Resources */ = {isa = PBXBuildFile; fileRef = 6E90E65F1DD346480016C838 /* Main.storyboard */; };
		6E90E6631DD346480016C838 /* Assets.xcassets in Resources */ = {isa = PBXBuildFile; fileRef = 6E90E6621DD346480016C838 /* Assets.xcassets */; };
		6E90E6661DD346480016C838 /* LaunchScreen.storyboard in Resources */ = {isa = PBXBuildFile; fileRef = 6E90E6641DD346480016C838 /* LaunchScreen.storyboard */; };
		7416E41E60254412EF53E2B1 /* Pods_PlayHue.framework in Frameworks */ = {isa = PBXBuildFile; fileRef = 2FCCFDEACCEF197001B95351 /* Pods_PlayHue.framework */; };
/* End PBXBuildFile section */

/* Begin PBXFileReference section */
		2FCCFDEACCEF197001B95351 /* Pods_PlayHue.framework */ = {isa = PBXFileReference; explicitFileType = wrapper.framework; includeInIndex = 0; path = Pods_PlayHue.framework; sourceTree = BUILT_PRODUCTS_DIR; };
		57561A1AC0E0B554871F5C8C /* Pods-PlayHue.release.xcconfig */ = {isa = PBXFileReference; includeInIndex = 1; lastKnownFileType = text.xcconfig; name = "Pods-PlayHue.release.xcconfig"; path = "Pods/Target Support Files/Pods-PlayHue/Pods-PlayHue.release.xcconfig"; sourceTree = "<group>"; };
		6E90E6581DD346480016C838 /* PlayHue.app */ = {isa = PBXFileReference; explicitFileType = wrapper.application; includeInIndex = 0; path = PlayHue.app; sourceTree = BUILT_PRODUCTS_DIR; };
		6E90E65B1DD346480016C838 /* AppDelegate.swift */ = {isa = PBXFileReference; lastKnownFileType = sourcecode.swift; path = AppDelegate.swift; sourceTree = "<group>"; };
		6E90E65D1DD346480016C838 /* ViewController.swift */ = {isa = PBXFileReference; lastKnownFileType = sourcecode.swift; path = ViewController.swift; sourceTree = "<group>"; };
		6E90E6601DD346480016C838 /* Base */ = {isa = PBXFileReference; lastKnownFileType = file.storyboard; name = Base; path = Base.lproj/Main.storyboard; sourceTree = "<group>"; };
		6E90E6621DD346480016C838 /* Assets.xcassets */ = {isa = PBXFileReference; lastKnownFileType = folder.assetcatalog; path = Assets.xcassets; sourceTree = "<group>"; };
		6E90E6651DD346480016C838 /* Base */ = {isa = PBXFileReference; lastKnownFileType = file.storyboard; name = Base; path = Base.lproj/LaunchScreen.storyboard; sourceTree = "<group>"; };
		6E90E6671DD346480016C838 /* Info.plist */ = {isa = PBXFileReference; lastKnownFileType = text.plist.xml; path = Info.plist; sourceTree = "<group>"; };
		A859BC1D9C69DA6D6CE0F953 /* Pods-PlayHue.debug.xcconfig */ = {isa = PBXFileReference; includeInIndex = 1; lastKnownFileType = text.xcconfig; name = "Pods-PlayHue.debug.xcconfig"; path = "Pods/Target Support Files/Pods-PlayHue/Pods-PlayHue.debug.xcconfig"; sourceTree = "<group>"; };
/* End PBXFileReference section */

/* Begin PBXFrameworksBuildPhase section */
		6E90E6551DD346480016C838 /* Frameworks */ = {
			isa = PBXFrameworksBuildPhase;
			buildActionMask = 2147483647;
			files = (
				7416E41E60254412EF53E2B1 /* Pods_PlayHue.framework in Frameworks */,
			);
			runOnlyForDeploymentPostprocessing = 0;
		};
/* End PBXFrameworksBuildPhase section */

/* Begin PBXGroup section */
		6E90E64F1DD346480016C838 = {
			isa = PBXGroup;
			children = (
				6E90E65A1DD346480016C838 /* PlayHue */,
				6E90E6591DD346480016C838 /* Products */,
				8A54255BB487FF9AB1AE2D13 /* Pods */,
				AA839BA37F2B94693D32D3C4 /* Frameworks */,
			);
			sourceTree = "<group>";
		};
		6E90E6591DD346480016C838 /* Products */ = {
			isa = PBXGroup;
			children = (
				6E90E6581DD346480016C838 /* PlayHue.app */,
			);
			name = Products;
			sourceTree = "<group>";
		};
		6E90E65A1DD346480016C838 /* PlayHue */ = {
			isa = PBXGroup;
			children = (
				6E90E65B1DD346480016C838 /* AppDelegate.swift */,
				6E90E65D1DD346480016C838 /* ViewController.swift */,
				6E90E65F1DD346480016C838 /* Main.storyboard */,
				6E90E6621DD346480016C838 /* Assets.xcassets */,
				6E90E6641DD346480016C838 /* LaunchScreen.storyboard */,
				6E90E6671DD346480016C838 /* Info.plist */,
			);
			path = PlayHue;
			sourceTree = "<group>";
		};
		8A54255BB487FF9AB1AE2D13 /* Pods */ = {
			isa = PBXGroup;
			children = (
				A859BC1D9C69DA6D6CE0F953 /* Pods-PlayHue.debug.xcconfig */,
				57561A1AC0E0B554871F5C8C /* Pods-PlayHue.release.xcconfig */,
			);
			name = Pods;
			sourceTree = "<group>";
		};
		AA839BA37F2B94693D32D3C4 /* Frameworks */ = {
			isa = PBXGroup;
			children = (
				2FCCFDEACCEF197001B95351 /* Pods_PlayHue.framework */,
			);
			name = Frameworks;
			sourceTree = "<group>";
		};
/* End PBXGroup section */

/* Begin PBXNativeTarget section */
		6E90E6571DD346480016C838 /* PlayHue */ = {
			isa = PBXNativeTarget;
			buildConfigurationList = 6E90E66A1DD346480016C838 /* Build configuration list for PBXNativeTarget "PlayHue" */;
			buildPhases = (
				C20152C9BC9707A15AEC1D67 /* [CP] Check Pods Manifest.lock */,
				6E90E6541DD346480016C838 /* Sources */,
				6E90E6551DD346480016C838 /* Frameworks */,
				6E90E6561DD346480016C838 /* Resources */,
				B4EEAF90B085921174978464 /* [CP] Embed Pods Frameworks */,
				A006F3CAACB4A011C92E3E69 /* [CP] Copy Pods Resources */,
			);
			buildRules = (
			);
			dependencies = (
			);
			name = PlayHue;
			productName = PlayHue;
			productReference = 6E90E6581DD346480016C838 /* PlayHue.app */;
			productType = "com.apple.product-type.application";
		};
/* End PBXNativeTarget section */

/* Begin PBXProject section */
		6E90E6501DD346480016C838 /* Project object */ = {
			isa = PBXProject;
			attributes = {
				LastSwiftUpdateCheck = 0810;
				LastUpgradeCheck = 0810;
				ORGANIZATIONNAME = "Vina Rianti";
				TargetAttributes = {
					6E90E6571DD346480016C838 = {
						CreatedOnToolsVersion = 8.1;
						DevelopmentTeam = VGKE7KP8GF;
						ProvisioningStyle = Automatic;
					};
				};
			};
			buildConfigurationList = 6E90E6531DD346480016C838 /* Build configuration list for PBXProject "PlayHue" */;
			compatibilityVersion = "Xcode 3.2";
			developmentRegion = English;
			hasScannedForEncodings = 0;
			knownRegions = (
				en,
				Base,
			);
			mainGroup = 6E90E64F1DD346480016C838;
			productRefGroup = 6E90E6591DD346480016C838 /* Products */;
			projectDirPath = "";
			projectRoot = "";
			targets = (
				6E90E6571DD346480016C838 /* PlayHue */,
			);
		};
/* End PBXProject section */

/* Begin PBXResourcesBuildPhase section */
		6E90E6561DD346480016C838 /* Resources */ = {
			isa = PBXResourcesBuildPhase;
			buildActionMask = 2147483647;
			files = (
				6E90E6661DD346480016C838 /* LaunchScreen.storyboard in Resources */,
				6E90E6631DD346480016C838 /* Assets.xcassets in Resources */,
				6E90E6611DD346480016C838 /* Main.storyboard in Resources */,
			);
			runOnlyForDeploymentPostprocessing = 0;
		};
/* End PBXResourcesBuildPhase section */

/* Begin PBXShellScriptBuildPhase section */
		A006F3CAACB4A011C92E3E69 /* [CP] Copy Pods Resources */ = {
			isa = PBXShellScriptBuildPhase;
			buildActionMask = 2147483647;
			files = (
			);
			inputPaths = (
			);
			name = "[CP] Copy Pods Resources";
			outputPaths = (
			);
			runOnlyForDeploymentPostprocessing = 0;
			shellPath = /bin/sh;
			shellScript = "\"${SRCROOT}/Pods/Target Support Files/Pods-PlayHue/Pods-PlayHue-resources.sh\"\n";
			showEnvVarsInLog = 0;
		};
		B4EEAF90B085921174978464 /* [CP] Embed Pods Frameworks */ = {
			isa = PBXShellScriptBuildPhase;
			buildActionMask = 2147483647;
			files = (
			);
			inputPaths = (
			);
			name = "[CP] Embed Pods Frameworks";
			outputPaths = (
			);
			runOnlyForDeploymentPostprocessing = 0;
			shellPath = /bin/sh;
			shellScript = "\"${SRCROOT}/Pods/Target Support Files/Pods-PlayHue/Pods-PlayHue-frameworks.sh\"\n";
			showEnvVarsInLog = 0;
		};
		C20152C9BC9707A15AEC1D67 /* [CP] Check Pods Manifest.lock */ = {
			isa = PBXShellScriptBuildPhase;
			buildActionMask = 2147483647;
			files = (
			);
			inputPaths = (
			);
			name = "[CP] Check Pods Manifest.lock";
			outputPaths = (
			);
			runOnlyForDeploymentPostprocessing = 0;
			shellPath = /bin/sh;
			shellScript = "diff \"${PODS_ROOT}/../Podfile.lock\" \"${PODS_ROOT}/Manifest.lock\" > /dev/null\nif [ $? != 0 ] ; then\n    # print error to STDERR\n    echo \"error: The sandbox is not in sync with the Podfile.lock. Run 'pod install' or update your CocoaPods installation.\" >&2\n    exit 1\nfi\n";
			showEnvVarsInLog = 0;
		};
/* End PBXShellScriptBuildPhase section */

/* Begin PBXSourcesBuildPhase section */
		6E90E6541DD346480016C838 /* Sources */ = {
			isa = PBXSourcesBuildPhase;
			buildActionMask = 2147483647;
			files = (
				6E90E65E1DD346480016C838 /* ViewController.swift in Sources */,
				6E90E65C1DD346480016C838 /* AppDelegate.swift in Sources */,
			);
			runOnlyForDeploymentPostprocessing = 0;
		};
/* End PBXSourcesBuildPhase section */

/* Begin PBXVariantGroup section */
		6E90E65F1DD346480016C838 /* Main.storyboard */ = {
			isa = PBXVariantGroup;
			children = (
				6E90E6601DD346480016C838 /* Base */,
			);
			name = Main.storyboard;
			sourceTree = "<group>";
		};
		6E90E6641DD346480016C838 /* LaunchScreen.storyboard */ = {
			isa = PBXVariantGroup;
			children = (
				6E90E6651DD346480016C838 /* Base */,
			);
			name = LaunchScreen.storyboard;
			sourceTree = "<group>";
		};
/* End PBXVariantGroup section */

/* Begin XCBuildConfiguration section */
		6E90E6681DD346480016C838 /* Debug */ = {
			isa = XCBuildConfiguration;
			buildSettings = {
				ALWAYS_SEARCH_USER_PATHS = NO;
				CLANG_ANALYZER_NONNULL = YES;
				CLANG_CXX_LANGUAGE_STANDARD = "gnu++0x";
				CLANG_CXX_LIBRARY = "libc++";
				CLANG_ENABLE_MODULES = YES;
				CLANG_ENABLE_OBJC_ARC = YES;
				CLANG_WARN_BOOL_CONVERSION = YES;
				CLANG_WARN_CONSTANT_CONVERSION = YES;
				CLANG_WARN_DIRECT_OBJC_ISA_USAGE = YES_ERROR;
				CLANG_WARN_DOCUMENTATION_COMMENTS = YES;
				CLANG_WARN_EMPTY_BODY = YES;
				CLANG_WARN_ENUM_CONVERSION = YES;
				CLANG_WARN_INFINITE_RECURSION = YES;
				CLANG_WARN_INT_CONVERSION = YES;
				CLANG_WARN_OBJC_ROOT_CLASS = YES_ERROR;
				CLANG_WARN_SUSPICIOUS_MOVES = YES;
				CLANG_WARN_UNREACHABLE_CODE = YES;
				CLANG_WARN__DUPLICATE_METHOD_MATCH = YES;
				"CODE_SIGN_IDENTITY[sdk=iphoneos*]" = "iPhone Developer";
				COPY_PHASE_STRIP = NO;
				DEBUG_INFORMATION_FORMAT = dwarf;
				ENABLE_STRICT_OBJC_MSGSEND = YES;
				ENABLE_TESTABILITY = YES;
				GCC_C_LANGUAGE_STANDARD = gnu99;
				GCC_DYNAMIC_NO_PIC = NO;
				GCC_NO_COMMON_BLOCKS = YES;
				GCC_OPTIMIZATION_LEVEL = 0;
				GCC_PREPROCESSOR_DEFINITIONS = (
					"DEBUG=1",
					"$(inherited)",
				);
				GCC_WARN_64_TO_32_BIT_CONVERSION = YES;
				GCC_WARN_ABOUT_RETURN_TYPE = YES_ERROR;
				GCC_WARN_UNDECLARED_SELECTOR = YES;
				GCC_WARN_UNINITIALIZED_AUTOS = YES_AGGRESSIVE;
				GCC_WARN_UNUSED_FUNCTION = YES;
				GCC_WARN_UNUSED_VARIABLE = YES;
				IPHONEOS_DEPLOYMENT_TARGET = 10.1;
				MTL_ENABLE_DEBUG_INFO = YES;
				ONLY_ACTIVE_ARCH = YES;
				SDKROOT = iphoneos;
				SWIFT_ACTIVE_COMPILATION_CONDITIONS = DEBUG;
				SWIFT_OPTIMIZATION_LEVEL = "-Onone";
			};
			name = Debug;
		};
		6E90E6691DD346480016C838 /* Release */ = {
			isa = XCBuildConfiguration;
			buildSettings = {
				ALWAYS_SEARCH_USER_PATHS = NO;
				CLANG_ANALYZER_NONNULL = YES;
				CLANG_CXX_LANGUAGE_STANDARD = "gnu++0x";
				CLANG_CXX_LIBRARY = "libc++";
				CLANG_ENABLE_MODULES = YES;
				CLANG_ENABLE_OBJC_ARC = YES;
				CLANG_WARN_BOOL_CONVERSION = YES;
				CLANG_WARN_CONSTANT_CONVERSION = YES;
				CLANG_WARN_DIRECT_OBJC_ISA_USAGE = YES_ERROR;
				CLANG_WARN_DOCUMENTATION_COMMENTS = YES;
				CLANG_WARN_EMPTY_BODY = YES;
				CLANG_WARN_ENUM_CONVERSION = YES;
				CLANG_WARN_INFINITE_RECURSION = YES;
				CLANG_WARN_INT_CONVERSION = YES;
				CLANG_WARN_OBJC_ROOT_CLASS = YES_ERROR;
				CLANG_WARN_SUSPICIOUS_MOVES = YES;
				CLANG_WARN_UNREACHABLE_CODE = YES;
				CLANG_WARN__DUPLICATE_METHOD_MATCH = YES;
				"CODE_SIGN_IDENTITY[sdk=iphoneos*]" = "iPhone Developer";
				COPY_PHASE_STRIP = NO;
				DEBUG_INFORMATION_FORMAT = "dwarf-with-dsym";
				ENABLE_NS_ASSERTIONS = NO;
				ENABLE_STRICT_OBJC_MSGSEND = YES;
				GCC_C_LANGUAGE_STANDARD = gnu99;
				GCC_NO_COMMON_BLOCKS = YES;
				GCC_WARN_64_TO_32_BIT_CONVERSION = YES;
				GCC_WARN_ABOUT_RETURN_TYPE = YES_ERROR;
				GCC_WARN_UNDECLARED_SELECTOR = YES;
				GCC_WARN_UNINITIALIZED_AUTOS = YES_AGGRESSIVE;
				GCC_WARN_UNUSED_FUNCTION = YES;
				GCC_WARN_UNUSED_VARIABLE = YES;
				IPHONEOS_DEPLOYMENT_TARGET = 10.1;
				MTL_ENABLE_DEBUG_INFO = NO;
				SDKROOT = iphoneos;
				SWIFT_OPTIMIZATION_LEVEL = "-Owholemodule";
				VALIDATE_PRODUCT = YES;
			};
			name = Release;
		};
		6E90E66B1DD346480016C838 /* Debug */ = {
			isa = XCBuildConfiguration;
			baseConfigurationReference = A859BC1D9C69DA6D6CE0F953 /* Pods-PlayHue.debug.xcconfig */;
			buildSettings = {
				ASSETCATALOG_COMPILER_APPICON_NAME = AppIcon;
				DEVELOPMENT_TEAM = VGKE7KP8GF;
				INFOPLIST_FILE = PlayHue/Info.plist;
				IPHONEOS_DEPLOYMENT_TARGET = 10.0;
				LD_RUNPATH_SEARCH_PATHS = "$(inherited) @executable_path/Frameworks";
				PRODUCT_BUNDLE_IDENTIFIER = sg.com.singaporepower.PlayHue;
				PRODUCT_NAME = "$(TARGET_NAME)";
				SWIFT_VERSION = 3.0;
			};
			name = Debug;
		};
		6E90E66C1DD346480016C838 /* Release */ = {
			isa = XCBuildConfiguration;
			baseConfigurationReference = 57561A1AC0E0B554871F5C8C /* Pods-PlayHue.release.xcconfig */;
			buildSettings = {
				ASSETCATALOG_COMPILER_APPICON_NAME = AppIcon;
				DEVELOPMENT_TEAM = VGKE7KP8GF;
				INFOPLIST_FILE = PlayHue/Info.plist;
				IPHONEOS_DEPLOYMENT_TARGET = 10.0;
				LD_RUNPATH_SEARCH_PATHS = "$(inherited) @executable_path/Frameworks";
				PRODUCT_BUNDLE_IDENTIFIER = sg.com.singaporepower.PlayHue;
				PRODUCT_NAME = "$(TARGET_NAME)";
				SWIFT_VERSION = 3.0;
			};
			name = Release;
		};
/* End XCBuildConfiguration section */

/* Begin XCConfigurationList section */
		6E90E6531DD346480016C838 /* Build configuration list for PBXProject "PlayHue" */ = {
			isa = XCConfigurationList;
			buildConfigurations = (
				6E90E6681DD346480016C838 /* Debug */,
				6E90E6691DD346480016C838 /* Release */,
			);
			defaultConfigurationIsVisible = 0;
			defaultConfigurationName = Release;
		};
		6E90E66A1DD346480016C838 /* Build configuration list for PBXNativeTarget "PlayHue" */ = {
			isa = XCConfigurationList;
			buildConfigurations = (
				6E90E66B1DD346480016C838 /* Debug */,
				6E90E66C1DD346480016C838 /* Release */,
			);
			defaultConfigurationIsVisible = 0;
		};
/* End XCConfigurationList section */
	};
	rootObject = 6E90E6501DD346480016C838 /* Project object */;
}
